
Microsoft Visual Studio Solution File, Format Version 12.00
# Visual Studio 15
VisualStudioVersion = 15.0.27004.2010
MinimumVisualStudioVersion = 10.0.40219.1
Project("{9A19103F-16F7-4668-BE54-9A1E7A4F7556}") = "AppointmentManager", "AppointmentManager\AppointmentManager.csproj", "{60E6FD49-B5A7-4EF1-804B-4B4F42CB1EE7}"
EndProject
Project("{9A19103F-16F7-4668-BE54-9A1E7A4F7556}") = "AppointmentManager.DataAccess", "AppointmentManager.DataAccess\AppointmentManager.DataAccess.csproj", "{DF05C055-F71E-4F26-80E6-B5A634875784}"
EndProject
Project("{FAE04EC0-301F-11D3-BF4B-00C04F79EFBC}") = "AppointmentManager.Service", "AppointmentManager.Service\AppointmentManager.Service.csproj", "{922BCD41-7775-4FF7-B8B6-C6C44A9374D0}"
EndProject
Global
	GlobalSection(SolutionConfigurationPlatforms) = preSolution
		Debug|Any CPU = Debug|Any CPU
		Release|Any CPU = Release|Any CPU
	EndGlobalSection
	GlobalSection(ProjectConfigurationPlatforms) = postSolution
		{60E6FD49-B5A7-4EF1-804B-4B4F42CB1EE7}.Debug|Any CPU.ActiveCfg = Debug|Any CPU
		{60E6FD49-B5A7-4EF1-804B-4B4F42CB1EE7}.Debug|Any CPU.Build.0 = Debug|Any CPU
		{60E6FD49-B5A7-4EF1-804B-4B4F42CB1EE7}.Release|Any CPU.ActiveCfg = Release|Any CPU
		{60E6FD49-B5A7-4EF1-804B-4B4F42CB1EE7}.Release|Any CPU.Build.0 = Release|Any CPU
		{DF05C055-F71E-4F26-80E6-B5A634875784}.Debug|Any CPU.ActiveCfg = Debug|Any CPU
		{DF05C055-F71E-4F26-80E6-B5A634875784}.Debug|Any CPU.Build.0 = Debug|Any CPU
		{DF05C055-F71E-4F26-80E6-B5A634875784}.Release|Any CPU.ActiveCfg = Release|Any CPU
		{DF05C055-F71E-4F26-80E6-B5A634875784}.Release|Any CPU.Build.0 = Release|Any CPU
		{922BCD41-7775-4FF7-B8B6-C6C44A9374D0}.Debug|Any CPU.ActiveCfg = Debug|Any CPU
		{922BCD41-7775-4FF7-B8B6-C6C44A9374D0}.Debug|Any CPU.Build.0 = Debug|Any CPU
		{922BCD41-7775-4FF7-B8B6-C6C44A9374D0}.Release|Any CPU.ActiveCfg = Release|Any CPU
		{922BCD41-7775-4FF7-B8B6-C6C44A9374D0}.Release|Any CPU.Build.0 = Release|Any CPU
	EndGlobalSection
	GlobalSection(SolutionProperties) = preSolution
		HideSolutionNode = FALSE
	EndGlobalSection
	GlobalSection(ExtensibilityGlobals) = postSolution
		SolutionGuid = {6E9D7BA6-6D82-4EC0-B71F-D323155EAE87}
	EndGlobalSection
EndGlobal
